
Microsoft Visual Studio Solution File, Format Version 12.00
# Visual Studio Version 17
VisualStudioVersion = 17.2.32516.85
MinimumVisualStudioVersion = 10.0.40219.1
Project("{FAE04EC0-301F-11D3-BF4B-00C04F79EFBC}") = "WebAppAz400_1", "WebAppAz400_1\WebAppAz400_1.csproj", "{33DFA897-ECEF-4A2E-88C2-DF613462CC45}"
EndProject
Global
	GlobalSection(SolutionConfigurationPlatforms) = preSolution
		Debug|Any CPU = Debug|Any CPU
		Release|Any CPU = Release|Any CPU
	EndGlobalSection
	GlobalSection(ProjectConfigurationPlatforms) = postSolution
		{33DFA897-ECEF-4A2E-88C2-DF613462CC45}.Debug|Any CPU.ActiveCfg = Debug|Any CPU
		{33DFA897-ECEF-4A2E-88C2-DF613462CC45}.Debug|Any CPU.Build.0 = Debug|Any CPU
		{33DFA897-ECEF-4A2E-88C2-DF613462CC45}.Release|Any CPU.ActiveCfg = Release|Any CPU
		{33DFA897-ECEF-4A2E-88C2-DF613462CC45}.Release|Any CPU.Build.0 = Release|Any CPU
	EndGlobalSection
	GlobalSection(SolutionProperties) = preSolution
		HideSolutionNode = FALSE
	EndGlobalSection
	GlobalSection(ExtensibilityGlobals) = postSolution
		SolutionGuid = {5F34ACE8-6376-4410-BC3E-DBDE7774C83E}
	EndGlobalSection
EndGlobal
